
Microsoft Visual Studio Solution File, Format Version 12.00
# Visual Studio Version 17
VisualStudioVersion = 17.14.36301.6
MinimumVisualStudioVersion = 10.0.40219.1
Project("{FAE04EC0-301F-11D3-BF4B-00C04F79EFBC}") = "Presentacion", "Libreria\Presentacion.csproj", "{6B199061-FF7D-44F5-B7EE-423A5CD63FB7}"
	ProjectSection(ProjectDependencies) = postProject
		{B1AAE0A2-3FD8-4AA6-96D9-21F8FBE4417D} = {B1AAE0A2-3FD8-4AA6-96D9-21F8FBE4417D}
	EndProjectSection
EndProject
Project("{FAE04EC0-301F-11D3-BF4B-00C04F79EFBC}") = "Dominio", "Datos\Dominio.csproj", "{11A13754-DFBA-4D49-AC62-1B422F62AED0}"
EndProject
Project("{FAE04EC0-301F-11D3-BF4B-00C04F79EFBC}") = "Negocio", "Negocio\Negocio.csproj", "{B1AAE0A2-3FD8-4AA6-96D9-21F8FBE4417D}"
EndProject
Global
	GlobalSection(SolutionConfigurationPlatforms) = preSolution
		Debug|Any CPU = Debug|Any CPU
		Release|Any CPU = Release|Any CPU
	EndGlobalSection
	GlobalSection(ProjectConfigurationPlatforms) = postSolution
		{6B199061-FF7D-44F5-B7EE-423A5CD63FB7}.Debug|Any CPU.ActiveCfg = Debug|Any CPU
		{6B199061-FF7D-44F5-B7EE-423A5CD63FB7}.Debug|Any CPU.Build.0 = Debug|Any CPU
		{6B199061-FF7D-44F5-B7EE-423A5CD63FB7}.Release|Any CPU.ActiveCfg = Release|Any CPU
		{6B199061-FF7D-44F5-B7EE-423A5CD63FB7}.Release|Any CPU.Build.0 = Release|Any CPU
		{11A13754-DFBA-4D49-AC62-1B422F62AED0}.Debug|Any CPU.ActiveCfg = Debug|Any CPU
		{11A13754-DFBA-4D49-AC62-1B422F62AED0}.Debug|Any CPU.Build.0 = Debug|Any CPU
		{11A13754-DFBA-4D49-AC62-1B422F62AED0}.Release|Any CPU.ActiveCfg = Release|Any CPU
		{11A13754-DFBA-4D49-AC62-1B422F62AED0}.Release|Any CPU.Build.0 = Release|Any CPU
		{B1AAE0A2-3FD8-4AA6-96D9-21F8FBE4417D}.Debug|Any CPU.ActiveCfg = Debug|Any CPU
		{B1AAE0A2-3FD8-4AA6-96D9-21F8FBE4417D}.Debug|Any CPU.Build.0 = Debug|Any CPU
		{B1AAE0A2-3FD8-4AA6-96D9-21F8FBE4417D}.Release|Any CPU.ActiveCfg = Release|Any CPU
		{B1AAE0A2-3FD8-4AA6-96D9-21F8FBE4417D}.Release|Any CPU.Build.0 = Release|Any CPU
	EndGlobalSection
	GlobalSection(SolutionProperties) = preSolution
		HideSolutionNode = FALSE
	EndGlobalSection
	GlobalSection(ExtensibilityGlobals) = postSolution
		SolutionGuid = {0109A0E5-2CC6-41B8-8080-1215882C10C1}
	EndGlobalSection
EndGlobal
